
Microsoft Visual Studio Solution File, Format Version 12.00
# Visual Studio Version 16
VisualStudioVersion = 25.0.1706.5
MinimumVisualStudioVersion = 10.0.40219.1
Project("{FAE04EC0-301F-11D3-BF4B-00C04F79EFBC}") = "hokuspokus", "hokuspokus\hokuspokus.csproj", "{C9893D1E-DD56-4C56-8CB5-545CD1BC9903}"
EndProject
Global
	GlobalSection(SolutionConfigurationPlatforms) = preSolution
		Debug|Any CPU = Debug|Any CPU
		Release|Any CPU = Release|Any CPU
	EndGlobalSection
	GlobalSection(ProjectConfigurationPlatforms) = postSolution
		{C9893D1E-DD56-4C56-8CB5-545CD1BC9903}.Debug|Any CPU.ActiveCfg = Debug|Any CPU
		{C9893D1E-DD56-4C56-8CB5-545CD1BC9903}.Debug|Any CPU.Build.0 = Debug|Any CPU
		{C9893D1E-DD56-4C56-8CB5-545CD1BC9903}.Release|Any CPU.ActiveCfg = Release|Any CPU
		{C9893D1E-DD56-4C56-8CB5-545CD1BC9903}.Release|Any CPU.Build.0 = Release|Any CPU
	EndGlobalSection
	GlobalSection(SolutionProperties) = preSolution
		HideSolutionNode = FALSE
	EndGlobalSection
	GlobalSection(ExtensibilityGlobals) = postSolution
		SolutionGuid = {96C8484B-E49C-423B-BFD3-E5F175251120}
	EndGlobalSection
EndGlobal
