
Microsoft Visual Studio Solution File, Format Version 12.00
# Visual Studio Version 17
VisualStudioVersion = 17.7.34024.191
MinimumVisualStudioVersion = 10.0.40219.1
Project("{FAE04EC0-301F-11D3-BF4B-00C04F79EFBC}") = "HomeworkGame (Windows)", "HomeworkGame (Windows)\HomeworkGame (Windows).csproj", "{3531F4FF-C873-4D2F-8590-C1359C14E6A7}"
EndProject
Global
	GlobalSection(SolutionConfigurationPlatforms) = preSolution
		Debug|Any CPU = Debug|Any CPU
		Release|Any CPU = Release|Any CPU
	EndGlobalSection
	GlobalSection(ProjectConfigurationPlatforms) = postSolution
		{3531F4FF-C873-4D2F-8590-C1359C14E6A7}.Debug|Any CPU.ActiveCfg = Debug|Any CPU
		{3531F4FF-C873-4D2F-8590-C1359C14E6A7}.Debug|Any CPU.Build.0 = Debug|Any CPU
		{3531F4FF-C873-4D2F-8590-C1359C14E6A7}.Release|Any CPU.ActiveCfg = Release|Any CPU
		{3531F4FF-C873-4D2F-8590-C1359C14E6A7}.Release|Any CPU.Build.0 = Release|Any CPU
	EndGlobalSection
	GlobalSection(SolutionProperties) = preSolution
		HideSolutionNode = FALSE
	EndGlobalSection
	GlobalSection(ExtensibilityGlobals) = postSolution
		SolutionGuid = {2DECBA2C-23AE-4975-9A29-45152C7DF04D}
	EndGlobalSection
EndGlobal
