
Microsoft Visual Studio Solution File, Format Version 12.00
# Visual Studio Version 16
VisualStudioVersion = 25.0.1706.6
MinimumVisualStudioVersion = 10.0.40219.1
Project("{FAE04EC0-301F-11D3-BF4B-00C04F79EFBC}") = "searchplayground (Mac)", "searchplayground (Mac)\searchplayground (Mac).csproj", "{4F0D93D9-8A1A-4904-9D2C-AC1DDC0A8B8C}"
EndProject
Global
	GlobalSection(SolutionConfigurationPlatforms) = preSolution
		Debug|Any CPU = Debug|Any CPU
		Release|Any CPU = Release|Any CPU
	EndGlobalSection
	GlobalSection(ProjectConfigurationPlatforms) = postSolution
		{4F0D93D9-8A1A-4904-9D2C-AC1DDC0A8B8C}.Debug|Any CPU.ActiveCfg = Debug|Any CPU
		{4F0D93D9-8A1A-4904-9D2C-AC1DDC0A8B8C}.Debug|Any CPU.Build.0 = Debug|Any CPU
		{4F0D93D9-8A1A-4904-9D2C-AC1DDC0A8B8C}.Release|Any CPU.ActiveCfg = Release|Any CPU
		{4F0D93D9-8A1A-4904-9D2C-AC1DDC0A8B8C}.Release|Any CPU.Build.0 = Release|Any CPU
	EndGlobalSection
	GlobalSection(SolutionProperties) = preSolution
		HideSolutionNode = FALSE
	EndGlobalSection
	GlobalSection(ExtensibilityGlobals) = postSolution
		SolutionGuid = {20413B1E-0518-4117-874D-3DA51239559D}
	EndGlobalSection
EndGlobal
